// !$*UTF8*$!
{
	archiveVersion = 1;
	classes = {
	};
	objectVersion = 46;
	objects = {

/* Begin PBXBuildFile section */
		064DA76C1C82EDF900456A72 /* Alamofire.framework in Frameworks */ = {isa = PBXBuildFile; fileRef = 064DA76A1C82EDF900456A72 /* Alamofire.framework */; };
		064DA76D1C82EDF900456A72 /* Alamofire.framework in Embed Frameworks */ = {isa = PBXBuildFile; fileRef = 064DA76A1C82EDF900456A72 /* Alamofire.framework */; settings = {ATTRIBUTES = (CodeSignOnCopy, RemoveHeadersOnCopy, ); }; };
		064DA76E1C82EDF900456A72 /* SwiftyJSON.framework in Frameworks */ = {isa = PBXBuildFile; fileRef = 064DA76B1C82EDF900456A72 /* SwiftyJSON.framework */; };
		064DA76F1C82EDF900456A72 /* SwiftyJSON.framework in Embed Frameworks */ = {isa = PBXBuildFile; fileRef = 064DA76B1C82EDF900456A72 /* SwiftyJSON.framework */; settings = {ATTRIBUTES = (CodeSignOnCopy, RemoveHeadersOnCopy, ); }; };
		0651CBB81C82F05200964912 /* TweetTableViewCell.swift in Sources */ = {isa = PBXBuildFile; fileRef = 0652FC721C1D587B005006D3 /* TweetTableViewCell.swift */; };
		0651CBBA1C82F15200964912 /* TwitterCore.framework in Frameworks */ = {isa = PBXBuildFile; fileRef = 2575594B1C12C2D30031B6CF /* TwitterCore.framework */; };
		0651CBBB1C82F16500964912 /* PagingMenuController.framework in Frameworks */ = {isa = PBXBuildFile; fileRef = 0652FC671C1D5133005006D3 /* PagingMenuController.framework */; };
		0651CBBD1C82F18200964912 /* PagingMenuController.framework in Embed Frameworks */ = {isa = PBXBuildFile; fileRef = 0651CBBC1C82F18200964912 /* PagingMenuController.framework */; settings = {ATTRIBUTES = (CodeSignOnCopy, RemoveHeadersOnCopy, ); }; };
		0652FC661C1D4F69005006D3 /* TabBar.storyboard in Resources */ = {isa = PBXBuildFile; fileRef = 0652FC651C1D4F69005006D3 /* TabBar.storyboard */; };
		0652FC6D1C1D5692005006D3 /* HomeViewController.swift in Sources */ = {isa = PBXBuildFile; fileRef = 0652FC6C1C1D5692005006D3 /* HomeViewController.swift */; };
		0652FC781C1D77F2005006D3 /* ConstantColor.swift in Sources */ = {isa = PBXBuildFile; fileRef = 0652FC771C1D77F2005006D3 /* ConstantColor.swift */; };
		0652FC7A1C1D7C65005006D3 /* UIColor+hex.swift in Sources */ = {isa = PBXBuildFile; fileRef = 0652FC791C1D7C65005006D3 /* UIColor+hex.swift */; };
		06BCEB371C8AC66B00B306DC /* TweetTableViewCell.xib in Resources */ = {isa = PBXBuildFile; fileRef = 0652FC701C1D5856005006D3 /* TweetTableViewCell.xib */; };
		2524D5861C54D2E600703B27 /* TweetDetailViewController.swift in Sources */ = {isa = PBXBuildFile; fileRef = 2524D5851C54D2E600703B27 /* TweetDetailViewController.swift */; };
		2524D5881C54D36200703B27 /* TweetDetailView.swift in Sources */ = {isa = PBXBuildFile; fileRef = 2524D5871C54D36200703B27 /* TweetDetailView.swift */; };
		2524D58A1C54D36D00703B27 /* TweetDetailView.xib in Resources */ = {isa = PBXBuildFile; fileRef = 2524D5891C54D36D00703B27 /* TweetDetailView.xib */; };
		2524D58C1C54D65600703B27 /* MainTweetDetailTableViewCell.xib in Resources */ = {isa = PBXBuildFile; fileRef = 2524D58B1C54D65600703B27 /* MainTweetDetailTableViewCell.xib */; };
		2524D58E1C54D66700703B27 /* MainTweetDetailTableViewCell.swift in Sources */ = {isa = PBXBuildFile; fileRef = 2524D58D1C54D66700703B27 /* MainTweetDetailTableViewCell.swift */; };
		2524D5901C55027900703B27 /* MainTweetView.swift in Sources */ = {isa = PBXBuildFile; fileRef = 2524D58F1C55027900703B27 /* MainTweetView.swift */; };
		2524D5921C55029100703B27 /* MainTweetView.xib in Resources */ = {isa = PBXBuildFile; fileRef = 2524D5911C55029100703B27 /* MainTweetView.xib */; };
		2524D5941C550D0700703B27 /* UIView+Constraint.swift in Sources */ = {isa = PBXBuildFile; fileRef = 2524D5931C550D0700703B27 /* UIView+Constraint.swift */; };
		2524D5961C5DD3E500703B27 /* TweetComposeViewController.swift in Sources */ = {isa = PBXBuildFile; fileRef = 2524D5951C5DD3E500703B27 /* TweetComposeViewController.swift */; };
		2524D5991C5DD48B00703B27 /* TweetComposeView.swift in Sources */ = {isa = PBXBuildFile; fileRef = 2524D5981C5DD48B00703B27 /* TweetComposeView.swift */; };
		2524D59B1C5DD4B500703B27 /* TweetComposeView.xib in Resources */ = {isa = PBXBuildFile; fileRef = 2524D59A1C5DD4B500703B27 /* TweetComposeView.xib */; };
		2524D59D1C5DDCE700703B27 /* UIView+BorderForIB.swift in Sources */ = {isa = PBXBuildFile; fileRef = 2524D59C1C5DDCE700703B27 /* UIView+BorderForIB.swift */; };
		253D5E871C148E6600D59DC0 /* icon.jpg in Resources */ = {isa = PBXBuildFile; fileRef = 253D5E861C148E6600D59DC0 /* icon.jpg */; };
		25590F991C391D660024CEC3 /* TimeLineViewController.swift in Sources */ = {isa = PBXBuildFile; fileRef = 25590F981C391D660024CEC3 /* TimeLineViewController.swift */; };
		25590F9D1C40F07B0024CEC3 /* APILocator.swift in Sources */ = {isa = PBXBuildFile; fileRef = 25590F9C1C40F07B0024CEC3 /* APILocator.swift */; };
		25590F9F1C4103650024CEC3 /* UserAPIManager.swift in Sources */ = {isa = PBXBuildFile; fileRef = 25590F9E1C4103650024CEC3 /* UserAPIManager.swift */; };
		25590FA11C4103930024CEC3 /* TweetAPIManager.swift in Sources */ = {isa = PBXBuildFile; fileRef = 25590FA01C4103930024CEC3 /* TweetAPIManager.swift */; };
		25590FA31C4103D10024CEC3 /* SearchAPIManager.swift in Sources */ = {isa = PBXBuildFile; fileRef = 25590FA21C4103D10024CEC3 /* SearchAPIManager.swift */; };
		25590FA51C4103F10024CEC3 /* AuthAPIManager.swift in Sources */ = {isa = PBXBuildFile; fileRef = 25590FA41C4103F10024CEC3 /* AuthAPIManager.swift */; };
		25590FCD1C424D7F0024CEC3 /* SettingAPIManager.swift in Sources */ = {isa = PBXBuildFile; fileRef = 25590FCC1C424D7F0024CEC3 /* SettingAPIManager.swift */; };
		25590FCF1C4258FC0024CEC3 /* sample.jpg in Resources */ = {isa = PBXBuildFile; fileRef = 25590FCE1C4258FC0024CEC3 /* sample.jpg */; };
		25672D231C82B2A6002F3A69 /* ProfileConfigViewController.swift in Sources */ = {isa = PBXBuildFile; fileRef = 25672D221C82B2A6002F3A69 /* ProfileConfigViewController.swift */; };
		25672D2B1C82BD04002F3A69 /* ProfileConfigView.swift in Sources */ = {isa = PBXBuildFile; fileRef = 25672D291C82BD04002F3A69 /* ProfileConfigView.swift */; };
		25672D2C1C82BD04002F3A69 /* ProfileConfigView.xib in Resources */ = {isa = PBXBuildFile; fileRef = 25672D2A1C82BD04002F3A69 /* ProfileConfigView.xib */; };
		25672D2E1C82BE29002F3A69 /* ProfileImageConfigTableViewCell.xib in Resources */ = {isa = PBXBuildFile; fileRef = 25672D2D1C82BE29002F3A69 /* ProfileImageConfigTableViewCell.xib */; };
		25672D301C82BE36002F3A69 /* ProfileImageConfigTableViewCell.swift in Sources */ = {isa = PBXBuildFile; fileRef = 25672D2F1C82BE36002F3A69 /* ProfileImageConfigTableViewCell.swift */; };
		25672D321C82D304002F3A69 /* ProfileTextConfigTableViewCell.swift in Sources */ = {isa = PBXBuildFile; fileRef = 25672D311C82D304002F3A69 /* ProfileTextConfigTableViewCell.swift */; };
		25672D341C82D353002F3A69 /* ProfileTextConfigTableViewCell.xib in Resources */ = {isa = PBXBuildFile; fileRef = 25672D331C82D353002F3A69 /* ProfileTextConfigTableViewCell.xib */; };
		25672D361C82DEF8002F3A69 /* ProfileDescriptionConfigTableViewCell.xib in Resources */ = {isa = PBXBuildFile; fileRef = 25672D351C82DEF8002F3A69 /* ProfileDescriptionConfigTableViewCell.xib */; };
		25672D381C82DF05002F3A69 /* ProfileDescriptionConfigTableViewCell.swift in Sources */ = {isa = PBXBuildFile; fileRef = 25672D371C82DF05002F3A69 /* ProfileDescriptionConfigTableViewCell.swift */; };
		2575594C1C12C2D30031B6CF /* Fabric.framework in Frameworks */ = {isa = PBXBuildFile; fileRef = 257559481C12C2D30031B6CF /* Fabric.framework */; };
		2575594D1C12C2D30031B6CF /* TwitterKit.framework in Frameworks */ = {isa = PBXBuildFile; fileRef = 257559491C12C2D30031B6CF /* TwitterKit.framework */; };
		2575594E1C12C2D30031B6CF /* TwitterKitResources.bundle in Resources */ = {isa = PBXBuildFile; fileRef = 2575594A1C12C2D30031B6CF /* TwitterKitResources.bundle */; };
		257559511C12C39D0031B6CF /* PagingController.swift in Sources */ = {isa = PBXBuildFile; fileRef = 257559501C12C39D0031B6CF /* PagingController.swift */; };
		257559541C12E3160031B6CF /* LoginView.swift in Sources */ = {isa = PBXBuildFile; fileRef = 257559531C12E3160031B6CF /* LoginView.swift */; };
		257559561C12E3250031B6CF /* LoginView.xib in Resources */ = {isa = PBXBuildFile; fileRef = 257559551C12E3250031B6CF /* LoginView.xib */; };
		259DD3371C00429B00C9B7CE /* AppDelegate.swift in Sources */ = {isa = PBXBuildFile; fileRef = 259DD3361C00429B00C9B7CE /* AppDelegate.swift */; };
		259DD33C1C00429B00C9B7CE /* Main.storyboard in Resources */ = {isa = PBXBuildFile; fileRef = 259DD33A1C00429B00C9B7CE /* Main.storyboard */; };
		259DD33E1C00429B00C9B7CE /* Assets.xcassets in Resources */ = {isa = PBXBuildFile; fileRef = 259DD33D1C00429B00C9B7CE /* Assets.xcassets */; };
		259DD3411C00429B00C9B7CE /* LaunchScreen.storyboard in Resources */ = {isa = PBXBuildFile; fileRef = 259DD33F1C00429B00C9B7CE /* LaunchScreen.storyboard */; };
		259DD34C1C00429B00C9B7CE /* TsuittaTests.swift in Sources */ = {isa = PBXBuildFile; fileRef = 259DD34B1C00429B00C9B7CE /* TsuittaTests.swift */; };
		259DD3571C00429B00C9B7CE /* TsuittaUITests.swift in Sources */ = {isa = PBXBuildFile; fileRef = 259DD3561C00429B00C9B7CE /* TsuittaUITests.swift */; };
		259DD3911C004E1100C9B7CE /* LoginViewController.swift in Sources */ = {isa = PBXBuildFile; fileRef = 259DD3901C004E1100C9B7CE /* LoginViewController.swift */; };
		259EB8311C674296002A3ED9 /* UserDetailViewController.swift in Sources */ = {isa = PBXBuildFile; fileRef = 259EB8301C674296002A3ED9 /* UserDetailViewController.swift */; };
		259EB8351C6EF189002A3ED9 /* UserDetailView.xib in Resources */ = {isa = PBXBuildFile; fileRef = 259EB8341C6EF189002A3ED9 /* UserDetailView.xib */; };
		259EB8371C6EF195002A3ED9 /* UserDetailView.swift in Sources */ = {isa = PBXBuildFile; fileRef = 259EB8361C6EF195002A3ED9 /* UserDetailView.swift */; };
		259EB8391C6EF3CF002A3ED9 /* UserDetailInfoViewCell.swift in Sources */ = {isa = PBXBuildFile; fileRef = 259EB8381C6EF3CF002A3ED9 /* UserDetailInfoViewCell.swift */; };
		259EB83B1C6EF3D7002A3ED9 /* UserDetailActionViewCell.swift in Sources */ = {isa = PBXBuildFile; fileRef = 259EB83A1C6EF3D7002A3ED9 /* UserDetailActionViewCell.swift */; };
		259EB83D1C6EF3F5002A3ED9 /* UserDetailInfoViewCell.xib in Resources */ = {isa = PBXBuildFile; fileRef = 259EB83C1C6EF3F5002A3ED9 /* UserDetailInfoViewCell.xib */; };
		259EB83F1C6EF408002A3ED9 /* UserDetailActionViewCell.xib in Resources */ = {isa = PBXBuildFile; fileRef = 259EB83E1C6EF408002A3ED9 /* UserDetailActionViewCell.xib */; };
		259EB8411C6F05C0002A3ED9 /* WebImage.framework in Frameworks */ = {isa = PBXBuildFile; fileRef = 259EB8401C6F05C0002A3ED9 /* WebImage.framework */; };
		259EB8421C6F05C0002A3ED9 /* WebImage.framework in Embed Frameworks */ = {isa = PBXBuildFile; fileRef = 259EB8401C6F05C0002A3ED9 /* WebImage.framework */; settings = {ATTRIBUTES = (CodeSignOnCopy, RemoveHeadersOnCopy, ); }; };
		259EB8441C6F08DF002A3ED9 /* ProfileDetailData.swift in Sources */ = {isa = PBXBuildFile; fileRef = 259EB8431C6F08DF002A3ED9 /* ProfileDetailData.swift */; };
		25D441DD1C2527F600C84D58 /* APIClient.swift in Sources */ = {isa = PBXBuildFile; fileRef = 25D441DC1C2527F600C84D58 /* APIClient.swift */; };
		25D441DF1C26AFA400C84D58 /* debug.swift in Sources */ = {isa = PBXBuildFile; fileRef = 25D441DE1C26AFA400C84D58 /* debug.swift */; };
		25FF51321C799D7C009C1649 /* SearchViewController.swift in Sources */ = {isa = PBXBuildFile; fileRef = 25FF51311C799D7C009C1649 /* SearchViewController.swift */; };
		25FF51341C799E24009C1649 /* SearchView.swift in Sources */ = {isa = PBXBuildFile; fileRef = 25FF51331C799E24009C1649 /* SearchView.swift */; };
		25FF51361C799E3B009C1649 /* NothingSearchResultTableViewCell.swift in Sources */ = {isa = PBXBuildFile; fileRef = 25FF51351C799E3B009C1649 /* NothingSearchResultTableViewCell.swift */; };
		25FF51381C799E95009C1649 /* SearchView.xib in Resources */ = {isa = PBXBuildFile; fileRef = 25FF51371C799E95009C1649 /* SearchView.xib */; };
		25FF513A1C799EA6009C1649 /* NothingSearchResultTableViewCell.xib in Resources */ = {isa = PBXBuildFile; fileRef = 25FF51391C799EA6009C1649 /* NothingSearchResultTableViewCell.xib */; };
		25FF513C1C799F24009C1649 /* SearchHeaderTableViewCell.xib in Resources */ = {isa = PBXBuildFile; fileRef = 25FF513B1C799F24009C1649 /* SearchHeaderTableViewCell.xib */; };
		25FF513E1C799F2D009C1649 /* SearchHeaderTableViewCell.swift in Sources */ = {isa = PBXBuildFile; fileRef = 25FF513D1C799F2D009C1649 /* SearchHeaderTableViewCell.swift */; };
/* End PBXBuildFile section */

/* Begin PBXContainerItemProxy section */
		259DD3481C00429B00C9B7CE /* PBXContainerItemProxy */ = {
			isa = PBXContainerItemProxy;
			containerPortal = 259DD32B1C00429A00C9B7CE /* Project object */;
			proxyType = 1;
			remoteGlobalIDString = 259DD3321C00429A00C9B7CE;
			remoteInfo = Tsuitta;
		};
		259DD3531C00429B00C9B7CE /* PBXContainerItemProxy */ = {
			isa = PBXContainerItemProxy;
			containerPortal = 259DD32B1C00429A00C9B7CE /* Project object */;
			proxyType = 1;
			remoteGlobalIDString = 259DD3321C00429A00C9B7CE;
			remoteInfo = Tsuitta;
		};
/* End PBXContainerItemProxy section */

/* Begin PBXCopyFilesBuildPhase section */
		06B39C151C4129200031A0FC /* Embed Frameworks */ = {
			isa = PBXCopyFilesBuildPhase;
			buildActionMask = 2147483647;
			dstPath = "";
			dstSubfolderSpec = 10;
			files = (
				0651CBBD1C82F18200964912 /* PagingMenuController.framework in Embed Frameworks */,
				259EB8421C6F05C0002A3ED9 /* WebImage.framework in Embed Frameworks */,
				064DA76D1C82EDF900456A72 /* Alamofire.framework in Embed Frameworks */,
				064DA76F1C82EDF900456A72 /* SwiftyJSON.framework in Embed Frameworks */,
			);
			name = "Embed Frameworks";
			runOnlyForDeploymentPostprocessing = 0;
		};
/* End PBXCopyFilesBuildPhase section */

/* Begin PBXFileReference section */
		064DA76A1C82EDF900456A72 /* Alamofire.framework */ = {isa = PBXFileReference; lastKnownFileType = wrapper.framework; name = Alamofire.framework; path = Carthage/Build/iOS/Alamofire.framework; sourceTree = "<group>"; };
		064DA76B1C82EDF900456A72 /* SwiftyJSON.framework */ = {isa = PBXFileReference; lastKnownFileType = wrapper.framework; name = SwiftyJSON.framework; path = Carthage/Build/iOS/SwiftyJSON.framework; sourceTree = "<group>"; };
		0651CBBC1C82F18200964912 /* PagingMenuController.framework */ = {isa = PBXFileReference; lastKnownFileType = wrapper.framework; name = PagingMenuController.framework; path = Carthage/Build/iOS/PagingMenuController.framework; sourceTree = "<group>"; };
		0652FC651C1D4F69005006D3 /* TabBar.storyboard */ = {isa = PBXFileReference; fileEncoding = 4; lastKnownFileType = file.storyboard; path = TabBar.storyboard; sourceTree = "<group>"; };
		0652FC671C1D5133005006D3 /* PagingMenuController.framework */ = {isa = PBXFileReference; lastKnownFileType = wrapper.framework; name = PagingMenuController.framework; path = Carthage/Build/iOS/PagingMenuController.framework; sourceTree = "<group>"; };
		0652FC6C1C1D5692005006D3 /* HomeViewController.swift */ = {isa = PBXFileReference; fileEncoding = 4; lastKnownFileType = sourcecode.swift; path = HomeViewController.swift; sourceTree = "<group>"; };
		0652FC701C1D5856005006D3 /* TweetTableViewCell.xib */ = {isa = PBXFileReference; fileEncoding = 4; lastKnownFileType = file.xib; path = TweetTableViewCell.xib; sourceTree = "<group>"; };
		0652FC721C1D587B005006D3 /* TweetTableViewCell.swift */ = {isa = PBXFileReference; fileEncoding = 4; lastKnownFileType = sourcecode.swift; path = TweetTableViewCell.swift; sourceTree = "<group>"; };
		0652FC771C1D77F2005006D3 /* ConstantColor.swift */ = {isa = PBXFileReference; fileEncoding = 4; lastKnownFileType = sourcecode.swift; path = ConstantColor.swift; sourceTree = "<group>"; };
		0652FC791C1D7C65005006D3 /* UIColor+hex.swift */ = {isa = PBXFileReference; fileEncoding = 4; lastKnownFileType = sourcecode.swift; path = "UIColor+hex.swift"; sourceTree = "<group>"; };
		065404681C38FA9000E97872 /* TabBarController.swift */ = {isa = PBXFileReference; fileEncoding = 4; lastKnownFileType = sourcecode.swift; path = TabBarController.swift; sourceTree = "<group>"; };
		2524D5851C54D2E600703B27 /* TweetDetailViewController.swift */ = {isa = PBXFileReference; fileEncoding = 4; lastKnownFileType = sourcecode.swift; path = TweetDetailViewController.swift; sourceTree = "<group>"; };
		2524D5871C54D36200703B27 /* TweetDetailView.swift */ = {isa = PBXFileReference; fileEncoding = 4; lastKnownFileType = sourcecode.swift; path = TweetDetailView.swift; sourceTree = "<group>"; };
		2524D5891C54D36D00703B27 /* TweetDetailView.xib */ = {isa = PBXFileReference; fileEncoding = 4; lastKnownFileType = file.xib; path = TweetDetailView.xib; sourceTree = "<group>"; };
		2524D58B1C54D65600703B27 /* MainTweetDetailTableViewCell.xib */ = {isa = PBXFileReference; fileEncoding = 4; lastKnownFileType = file.xib; path = MainTweetDetailTableViewCell.xib; sourceTree = "<group>"; };
		2524D58D1C54D66700703B27 /* MainTweetDetailTableViewCell.swift */ = {isa = PBXFileReference; fileEncoding = 4; lastKnownFileType = sourcecode.swift; path = MainTweetDetailTableViewCell.swift; sourceTree = "<group>"; };
		2524D58F1C55027900703B27 /* MainTweetView.swift */ = {isa = PBXFileReference; fileEncoding = 4; lastKnownFileType = sourcecode.swift; path = MainTweetView.swift; sourceTree = "<group>"; };
		2524D5911C55029100703B27 /* MainTweetView.xib */ = {isa = PBXFileReference; fileEncoding = 4; lastKnownFileType = file.xib; path = MainTweetView.xib; sourceTree = "<group>"; };
		2524D5931C550D0700703B27 /* UIView+Constraint.swift */ = {isa = PBXFileReference; fileEncoding = 4; lastKnownFileType = sourcecode.swift; path = "UIView+Constraint.swift"; sourceTree = "<group>"; };
		2524D5951C5DD3E500703B27 /* TweetComposeViewController.swift */ = {isa = PBXFileReference; fileEncoding = 4; lastKnownFileType = sourcecode.swift; path = TweetComposeViewController.swift; sourceTree = "<group>"; };
		2524D5981C5DD48B00703B27 /* TweetComposeView.swift */ = {isa = PBXFileReference; fileEncoding = 4; lastKnownFileType = sourcecode.swift; path = TweetComposeView.swift; sourceTree = "<group>"; };
		2524D59A1C5DD4B500703B27 /* TweetComposeView.xib */ = {isa = PBXFileReference; fileEncoding = 4; lastKnownFileType = file.xib; path = TweetComposeView.xib; sourceTree = "<group>"; };
		2524D59C1C5DDCE700703B27 /* UIView+BorderForIB.swift */ = {isa = PBXFileReference; fileEncoding = 4; lastKnownFileType = sourcecode.swift; path = "UIView+BorderForIB.swift"; sourceTree = "<group>"; };
		253D5E861C148E6600D59DC0 /* icon.jpg */ = {isa = PBXFileReference; lastKnownFileType = image.jpeg; path = icon.jpg; sourceTree = "<group>"; };
		25590F981C391D660024CEC3 /* TimeLineViewController.swift */ = {isa = PBXFileReference; fileEncoding = 4; lastKnownFileType = sourcecode.swift; path = TimeLineViewController.swift; sourceTree = "<group>"; };
		25590F9C1C40F07B0024CEC3 /* APILocator.swift */ = {isa = PBXFileReference; fileEncoding = 4; lastKnownFileType = sourcecode.swift; path = APILocator.swift; sourceTree = "<group>"; };
		25590F9E1C4103650024CEC3 /* UserAPIManager.swift */ = {isa = PBXFileReference; fileEncoding = 4; lastKnownFileType = sourcecode.swift; path = UserAPIManager.swift; sourceTree = "<group>"; };
		25590FA01C4103930024CEC3 /* TweetAPIManager.swift */ = {isa = PBXFileReference; fileEncoding = 4; lastKnownFileType = sourcecode.swift; path = TweetAPIManager.swift; sourceTree = "<group>"; };
		25590FA21C4103D10024CEC3 /* SearchAPIManager.swift */ = {isa = PBXFileReference; fileEncoding = 4; lastKnownFileType = sourcecode.swift; path = SearchAPIManager.swift; sourceTree = "<group>"; };
		25590FA41C4103F10024CEC3 /* AuthAPIManager.swift */ = {isa = PBXFileReference; fileEncoding = 4; lastKnownFileType = sourcecode.swift; path = AuthAPIManager.swift; sourceTree = "<group>"; };
		25590FCC1C424D7F0024CEC3 /* SettingAPIManager.swift */ = {isa = PBXFileReference; fileEncoding = 4; lastKnownFileType = sourcecode.swift; path = SettingAPIManager.swift; sourceTree = "<group>"; };
		25590FCE1C4258FC0024CEC3 /* sample.jpg */ = {isa = PBXFileReference; lastKnownFileType = image.jpeg; path = sample.jpg; sourceTree = "<group>"; };
		25672D221C82B2A6002F3A69 /* ProfileConfigViewController.swift */ = {isa = PBXFileReference; fileEncoding = 4; lastKnownFileType = sourcecode.swift; path = ProfileConfigViewController.swift; sourceTree = "<group>"; };
		25672D291C82BD04002F3A69 /* ProfileConfigView.swift */ = {isa = PBXFileReference; fileEncoding = 4; lastKnownFileType = sourcecode.swift; path = ProfileConfigView.swift; sourceTree = "<group>"; };
		25672D2A1C82BD04002F3A69 /* ProfileConfigView.xib */ = {isa = PBXFileReference; fileEncoding = 4; lastKnownFileType = file.xib; path = ProfileConfigView.xib; sourceTree = "<group>"; };
		25672D2D1C82BE29002F3A69 /* ProfileImageConfigTableViewCell.xib */ = {isa = PBXFileReference; fileEncoding = 4; lastKnownFileType = file.xib; path = ProfileImageConfigTableViewCell.xib; sourceTree = "<group>"; };
		25672D2F1C82BE36002F3A69 /* ProfileImageConfigTableViewCell.swift */ = {isa = PBXFileReference; fileEncoding = 4; lastKnownFileType = sourcecode.swift; path = ProfileImageConfigTableViewCell.swift; sourceTree = "<group>"; };
		25672D311C82D304002F3A69 /* ProfileTextConfigTableViewCell.swift */ = {isa = PBXFileReference; fileEncoding = 4; lastKnownFileType = sourcecode.swift; path = ProfileTextConfigTableViewCell.swift; sourceTree = "<group>"; };
		25672D331C82D353002F3A69 /* ProfileTextConfigTableViewCell.xib */ = {isa = PBXFileReference; fileEncoding = 4; lastKnownFileType = file.xib; path = ProfileTextConfigTableViewCell.xib; sourceTree = "<group>"; };
		25672D351C82DEF8002F3A69 /* ProfileDescriptionConfigTableViewCell.xib */ = {isa = PBXFileReference; fileEncoding = 4; lastKnownFileType = file.xib; path = ProfileDescriptionConfigTableViewCell.xib; sourceTree = "<group>"; };
		25672D371C82DF05002F3A69 /* ProfileDescriptionConfigTableViewCell.swift */ = {isa = PBXFileReference; fileEncoding = 4; lastKnownFileType = sourcecode.swift; path = ProfileDescriptionConfigTableViewCell.swift; sourceTree = "<group>"; };
		257559481C12C2D30031B6CF /* Fabric.framework */ = {isa = PBXFileReference; lastKnownFileType = wrapper.framework; path = Fabric.framework; sourceTree = "<group>"; };
		257559491C12C2D30031B6CF /* TwitterKit.framework */ = {isa = PBXFileReference; lastKnownFileType = wrapper.framework; path = TwitterKit.framework; sourceTree = "<group>"; };
		2575594A1C12C2D30031B6CF /* TwitterKitResources.bundle */ = {isa = PBXFileReference; lastKnownFileType = "wrapper.plug-in"; name = TwitterKitResources.bundle; path = TwitterKit.framework/Versions/A/Resources/TwitterKitResources.bundle; sourceTree = "<group>"; };
		2575594B1C12C2D30031B6CF /* TwitterCore.framework */ = {isa = PBXFileReference; lastKnownFileType = wrapper.framework; path = TwitterCore.framework; sourceTree = "<group>"; };
		257559501C12C39D0031B6CF /* PagingController.swift */ = {isa = PBXFileReference; fileEncoding = 4; lastKnownFileType = sourcecode.swift; path = PagingController.swift; sourceTree = "<group>"; };
		257559531C12E3160031B6CF /* LoginView.swift */ = {isa = PBXFileReference; fileEncoding = 4; lastKnownFileType = sourcecode.swift; path = LoginView.swift; sourceTree = "<group>"; };
		257559551C12E3250031B6CF /* LoginView.xib */ = {isa = PBXFileReference; fileEncoding = 4; lastKnownFileType = file.xib; path = LoginView.xib; sourceTree = "<group>"; };
		259DD3331C00429A00C9B7CE /* Tsuitta.app */ = {isa = PBXFileReference; explicitFileType = wrapper.application; includeInIndex = 0; path = Tsuitta.app; sourceTree = BUILT_PRODUCTS_DIR; };
		259DD3361C00429B00C9B7CE /* AppDelegate.swift */ = {isa = PBXFileReference; lastKnownFileType = sourcecode.swift; path = AppDelegate.swift; sourceTree = "<group>"; };
		259DD33B1C00429B00C9B7CE /* Base */ = {isa = PBXFileReference; lastKnownFileType = file.storyboard; name = Base; path = Base.lproj/Main.storyboard; sourceTree = "<group>"; };
		259DD33D1C00429B00C9B7CE /* Assets.xcassets */ = {isa = PBXFileReference; lastKnownFileType = folder.assetcatalog; path = Assets.xcassets; sourceTree = "<group>"; };
		259DD3401C00429B00C9B7CE /* Base */ = {isa = PBXFileReference; lastKnownFileType = file.storyboard; name = Base; path = Base.lproj/LaunchScreen.storyboard; sourceTree = "<group>"; };
		259DD3421C00429B00C9B7CE /* Info.plist */ = {isa = PBXFileReference; lastKnownFileType = text.plist.xml; path = Info.plist; sourceTree = "<group>"; };
		259DD3471C00429B00C9B7CE /* TsuittaTests.xctest */ = {isa = PBXFileReference; explicitFileType = wrapper.cfbundle; includeInIndex = 0; path = TsuittaTests.xctest; sourceTree = BUILT_PRODUCTS_DIR; };
		259DD34B1C00429B00C9B7CE /* TsuittaTests.swift */ = {isa = PBXFileReference; lastKnownFileType = sourcecode.swift; path = TsuittaTests.swift; sourceTree = "<group>"; };
		259DD34D1C00429B00C9B7CE /* Info.plist */ = {isa = PBXFileReference; lastKnownFileType = text.plist.xml; path = Info.plist; sourceTree = "<group>"; };
		259DD3521C00429B00C9B7CE /* TsuittaUITests.xctest */ = {isa = PBXFileReference; explicitFileType = wrapper.cfbundle; includeInIndex = 0; path = TsuittaUITests.xctest; sourceTree = BUILT_PRODUCTS_DIR; };
		259DD3561C00429B00C9B7CE /* TsuittaUITests.swift */ = {isa = PBXFileReference; lastKnownFileType = sourcecode.swift; path = TsuittaUITests.swift; sourceTree = "<group>"; };
		259DD3581C00429B00C9B7CE /* Info.plist */ = {isa = PBXFileReference; lastKnownFileType = text.plist.xml; path = Info.plist; sourceTree = "<group>"; };
		259DD3901C004E1100C9B7CE /* LoginViewController.swift */ = {isa = PBXFileReference; fileEncoding = 4; lastKnownFileType = sourcecode.swift; path = LoginViewController.swift; sourceTree = "<group>"; };
		259EB8301C674296002A3ED9 /* UserDetailViewController.swift */ = {isa = PBXFileReference; fileEncoding = 4; lastKnownFileType = sourcecode.swift; path = UserDetailViewController.swift; sourceTree = "<group>"; };
		259EB8341C6EF189002A3ED9 /* UserDetailView.xib */ = {isa = PBXFileReference; fileEncoding = 4; lastKnownFileType = file.xib; path = UserDetailView.xib; sourceTree = "<group>"; };
		259EB8361C6EF195002A3ED9 /* UserDetailView.swift */ = {isa = PBXFileReference; fileEncoding = 4; lastKnownFileType = sourcecode.swift; path = UserDetailView.swift; sourceTree = "<group>"; };
		259EB8381C6EF3CF002A3ED9 /* UserDetailInfoViewCell.swift */ = {isa = PBXFileReference; fileEncoding = 4; lastKnownFileType = sourcecode.swift; path = UserDetailInfoViewCell.swift; sourceTree = "<group>"; };
		259EB83A1C6EF3D7002A3ED9 /* UserDetailActionViewCell.swift */ = {isa = PBXFileReference; fileEncoding = 4; lastKnownFileType = sourcecode.swift; path = UserDetailActionViewCell.swift; sourceTree = "<group>"; };
		259EB83C1C6EF3F5002A3ED9 /* UserDetailInfoViewCell.xib */ = {isa = PBXFileReference; fileEncoding = 4; lastKnownFileType = file.xib; path = UserDetailInfoViewCell.xib; sourceTree = "<group>"; };
		259EB83E1C6EF408002A3ED9 /* UserDetailActionViewCell.xib */ = {isa = PBXFileReference; fileEncoding = 4; lastKnownFileType = file.xib; path = UserDetailActionViewCell.xib; sourceTree = "<group>"; };
		259EB8401C6F05C0002A3ED9 /* WebImage.framework */ = {isa = PBXFileReference; lastKnownFileType = wrapper.framework; name = WebImage.framework; path = Carthage/Build/iOS/WebImage.framework; sourceTree = "<group>"; };
		259EB8431C6F08DF002A3ED9 /* ProfileDetailData.swift */ = {isa = PBXFileReference; fileEncoding = 4; lastKnownFileType = sourcecode.swift; path = ProfileDetailData.swift; sourceTree = "<group>"; };
		25D441DC1C2527F600C84D58 /* APIClient.swift */ = {isa = PBXFileReference; fileEncoding = 4; lastKnownFileType = sourcecode.swift; path = APIClient.swift; sourceTree = "<group>"; };
		25D441DE1C26AFA400C84D58 /* debug.swift */ = {isa = PBXFileReference; fileEncoding = 4; lastKnownFileType = sourcecode.swift; path = debug.swift; sourceTree = "<group>"; };
		25FF51311C799D7C009C1649 /* SearchViewController.swift */ = {isa = PBXFileReference; fileEncoding = 4; lastKnownFileType = sourcecode.swift; path = SearchViewController.swift; sourceTree = "<group>"; };
		25FF51331C799E24009C1649 /* SearchView.swift */ = {isa = PBXFileReference; fileEncoding = 4; lastKnownFileType = sourcecode.swift; path = SearchView.swift; sourceTree = "<group>"; };
		25FF51351C799E3B009C1649 /* NothingSearchResultTableViewCell.swift */ = {isa = PBXFileReference; fileEncoding = 4; lastKnownFileType = sourcecode.swift; path = NothingSearchResultTableViewCell.swift; sourceTree = "<group>"; };
		25FF51371C799E95009C1649 /* SearchView.xib */ = {isa = PBXFileReference; fileEncoding = 4; lastKnownFileType = file.xib; path = SearchView.xib; sourceTree = "<group>"; };
		25FF51391C799EA6009C1649 /* NothingSearchResultTableViewCell.xib */ = {isa = PBXFileReference; fileEncoding = 4; lastKnownFileType = file.xib; path = NothingSearchResultTableViewCell.xib; sourceTree = "<group>"; };
		25FF513B1C799F24009C1649 /* SearchHeaderTableViewCell.xib */ = {isa = PBXFileReference; fileEncoding = 4; lastKnownFileType = file.xib; path = SearchHeaderTableViewCell.xib; sourceTree = "<group>"; };
		25FF513D1C799F2D009C1649 /* SearchHeaderTableViewCell.swift */ = {isa = PBXFileReference; fileEncoding = 4; lastKnownFileType = sourcecode.swift; path = SearchHeaderTableViewCell.swift; sourceTree = "<group>"; };
/* End PBXFileReference section */

/* Begin PBXFrameworksBuildPhase section */
		259DD3301C00429A00C9B7CE /* Frameworks */ = {
			isa = PBXFrameworksBuildPhase;
			buildActionMask = 2147483647;
			files = (
				0651CBBB1C82F16500964912 /* PagingMenuController.framework in Frameworks */,
				0651CBBA1C82F15200964912 /* TwitterCore.framework in Frameworks */,
				259EB8411C6F05C0002A3ED9 /* WebImage.framework in Frameworks */,
				2575594C1C12C2D30031B6CF /* Fabric.framework in Frameworks */,
				2575594D1C12C2D30031B6CF /* TwitterKit.framework in Frameworks */,
				064DA76C1C82EDF900456A72 /* Alamofire.framework in Frameworks */,
				064DA76E1C82EDF900456A72 /* SwiftyJSON.framework in Frameworks */,
			);
			runOnlyForDeploymentPostprocessing = 0;
		};
		259DD3441C00429B00C9B7CE /* Frameworks */ = {
			isa = PBXFrameworksBuildPhase;
			buildActionMask = 2147483647;
			files = (
			);
			runOnlyForDeploymentPostprocessing = 0;
		};
		259DD34F1C00429B00C9B7CE /* Frameworks */ = {
			isa = PBXFrameworksBuildPhase;
			buildActionMask = 2147483647;
			files = (
			);
			runOnlyForDeploymentPostprocessing = 0;
		};
/* End PBXFrameworksBuildPhase section */

/* Begin PBXGroup section */
		0652FC7B1C1D7C77005006D3 /* Extension */ = {
			isa = PBXGroup;
			children = (
				0652FC791C1D7C65005006D3 /* UIColor+hex.swift */,
				2524D5931C550D0700703B27 /* UIView+Constraint.swift */,
				2524D59C1C5DDCE700703B27 /* UIView+BorderForIB.swift */,
			);
			path = Extension;
			sourceTree = "<group>";
		};
		06B39C0C1C4126510031A0FC /* Table */ = {
			isa = PBXGroup;
			children = (
				259DD3851C004D4300C9B7CE /* Detail */,
				259DD3891C004D4300C9B7CE /* Timeline */,
				259DD3881C004D4300C9B7CE /* Tweet */,
			);
			path = Table;
			sourceTree = "<group>";
		};
		2524D5971C5DD48000703B27 /* Compose */ = {
			isa = PBXGroup;
			children = (
				2524D5981C5DD48B00703B27 /* TweetComposeView.swift */,
				2524D59A1C5DD4B500703B27 /* TweetComposeView.xib */,
			);
			path = Compose;
			sourceTree = "<group>";
		};
		253D5E851C148E5600D59DC0 /* Login */ = {
			isa = PBXGroup;
			children = (
				253D5E861C148E6600D59DC0 /* icon.jpg */,
			);
			path = Login;
			sourceTree = "<group>";
		};
		25672D281C82BD04002F3A69 /* Profile */ = {
			isa = PBXGroup;
			children = (
				25672D291C82BD04002F3A69 /* ProfileConfigView.swift */,
				25672D2A1C82BD04002F3A69 /* ProfileConfigView.xib */,
				25672D2F1C82BE36002F3A69 /* ProfileImageConfigTableViewCell.swift */,
				25672D2D1C82BE29002F3A69 /* ProfileImageConfigTableViewCell.xib */,
				25672D311C82D304002F3A69 /* ProfileTextConfigTableViewCell.swift */,
				25672D331C82D353002F3A69 /* ProfileTextConfigTableViewCell.xib */,
				25672D371C82DF05002F3A69 /* ProfileDescriptionConfigTableViewCell.swift */,
				25672D351C82DEF8002F3A69 /* ProfileDescriptionConfigTableViewCell.xib */,
			);
			path = Profile;
			sourceTree = "<group>";
		};
		257559521C12E30B0031B6CF /* Login */ = {
			isa = PBXGroup;
			children = (
				257559531C12E3160031B6CF /* LoginView.swift */,
				257559551C12E3250031B6CF /* LoginView.xib */,
			);
			path = Login;
			sourceTree = "<group>";
		};
		259DD32A1C00429A00C9B7CE = {
			isa = PBXGroup;
			children = (
				0651CBBC1C82F18200964912 /* PagingMenuController.framework */,
				064DA76A1C82EDF900456A72 /* Alamofire.framework */,
				064DA76B1C82EDF900456A72 /* SwiftyJSON.framework */,
				259EB8401C6F05C0002A3ED9 /* WebImage.framework */,
				259DD3921C00530C00C9B7CE /* Framework */,
				259DD3341C00429A00C9B7CE /* Products */,
				259DD3351C00429A00C9B7CE /* Tsuitta */,
				259DD34A1C00429B00C9B7CE /* TsuittaTests */,
				259DD3551C00429B00C9B7CE /* TsuittaUITests */,
				257559481C12C2D30031B6CF /* Fabric.framework */,
				0652FC671C1D5133005006D3 /* PagingMenuController.framework */,
			);
			sourceTree = "<group>";
		};
		259DD3341C00429A00C9B7CE /* Products */ = {
			isa = PBXGroup;
			children = (
				259DD3331C00429A00C9B7CE /* Tsuitta.app */,
				259DD3471C00429B00C9B7CE /* TsuittaTests.xctest */,
				259DD3521C00429B00C9B7CE /* TsuittaUITests.xctest */,
			);
			name = Products;
			sourceTree = "<group>";
		};
		259DD3351C00429A00C9B7CE /* Tsuitta */ = {
			isa = PBXGroup;
			children = (
				259DD36F1C004D4300C9B7CE /* Constant */,
				259DD3701C004D4300C9B7CE /* Controller */,
				0652FC7B1C1D7C77005006D3 /* Extension */,
				259DD3711C004D4300C9B7CE /* Image */,
				259DD37D1C004D4300C9B7CE /* Model */,
				259DD3801C004D4300C9B7CE /* View */,
				259DD3361C00429B00C9B7CE /* AppDelegate.swift */,
				259DD33D1C00429B00C9B7CE /* Assets.xcassets */,
				259DD3421C00429B00C9B7CE /* Info.plist */,
				259DD33F1C00429B00C9B7CE /* LaunchScreen.storyboard */,
				259DD33A1C00429B00C9B7CE /* Main.storyboard */,
			);
			path = Tsuitta;
			sourceTree = "<group>";
		};
		259DD34A1C00429B00C9B7CE /* TsuittaTests */ = {
			isa = PBXGroup;
			children = (
				259DD34D1C00429B00C9B7CE /* Info.plist */,
				259DD34B1C00429B00C9B7CE /* TsuittaTests.swift */,
			);
			path = TsuittaTests;
			sourceTree = "<group>";
		};
		259DD3551C00429B00C9B7CE /* TsuittaUITests */ = {
			isa = PBXGroup;
			children = (
				259DD3581C00429B00C9B7CE /* Info.plist */,
				259DD3561C00429B00C9B7CE /* TsuittaUITests.swift */,
			);
			path = TsuittaUITests;
			sourceTree = "<group>";
		};
		259DD36F1C004D4300C9B7CE /* Constant */ = {
			isa = PBXGroup;
			children = (
				0652FC771C1D77F2005006D3 /* ConstantColor.swift */,
				25D441DE1C26AFA400C84D58 /* debug.swift */,
			);
			path = Constant;
			sourceTree = "<group>";
		};
		259DD3701C004D4300C9B7CE /* Controller */ = {
			isa = PBXGroup;
			children = (
				259DD3901C004E1100C9B7CE /* LoginViewController.swift */,
				257559501C12C39D0031B6CF /* PagingController.swift */,
				065404681C38FA9000E97872 /* TabBarController.swift */,
				25590F981C391D660024CEC3 /* TimeLineViewController.swift */,
				0652FC6C1C1D5692005006D3 /* HomeViewController.swift */,
				2524D5851C54D2E600703B27 /* TweetDetailViewController.swift */,
				2524D5951C5DD3E500703B27 /* TweetComposeViewController.swift */,
				259EB8301C674296002A3ED9 /* UserDetailViewController.swift */,
				25FF51311C799D7C009C1649 /* SearchViewController.swift */,
				25672D221C82B2A6002F3A69 /* ProfileConfigViewController.swift */,
			);
			path = Controller;
			sourceTree = "<group>";
		};
		259DD3711C004D4300C9B7CE /* Image */ = {
			isa = PBXGroup;
			children = (
				259DD3721C004D4300C9B7CE /* Common */,
				259DD3731C004D4300C9B7CE /* Config */,
				253D5E851C148E5600D59DC0 /* Login */,
				259DD3741C004D4300C9B7CE /* Search */,
				259DD3751C004D4300C9B7CE /* SearchResult */,
				259DD3761C004D4300C9B7CE /* TL */,
				259DD37B1C004D4300C9B7CE /* Tweet */,
				259DD37C1C004D4300C9B7CE /* User */,
			);
			path = Image;
			sourceTree = "<group>";
		};
		259DD3721C004D4300C9B7CE /* Common */ = {
			isa = PBXGroup;
			children = (
				25590FCE1C4258FC0024CEC3 /* sample.jpg */,
			);
			path = Common;
			sourceTree = "<group>";
		};
		259DD3731C004D4300C9B7CE /* Config */ = {
			isa = PBXGroup;
			children = (
			);
			path = Config;
			sourceTree = "<group>";
		};
		259DD3741C004D4300C9B7CE /* Search */ = {
			isa = PBXGroup;
			children = (
			);
			path = Search;
			sourceTree = "<group>";
		};
		259DD3751C004D4300C9B7CE /* SearchResult */ = {
			isa = PBXGroup;
			children = (
			);
			path = SearchResult;
			sourceTree = "<group>";
		};
		259DD3761C004D4300C9B7CE /* TL */ = {
			isa = PBXGroup;
			children = (
				259DD3771C004D4300C9B7CE /* DM */,
				259DD3781C004D4300C9B7CE /* Reply */,
				259DD3791C004D4300C9B7CE /* Tweet */,
				259DD37A1C004D4300C9B7CE /* User */,
			);
			path = TL;
			sourceTree = "<group>";
		};
		259DD3771C004D4300C9B7CE /* DM */ = {
			isa = PBXGroup;
			children = (
			);
			path = DM;
			sourceTree = "<group>";
		};
		259DD3781C004D4300C9B7CE /* Reply */ = {
			isa = PBXGroup;
			children = (
			);
			path = Reply;
			sourceTree = "<group>";
		};
		259DD3791C004D4300C9B7CE /* Tweet */ = {
			isa = PBXGroup;
			children = (
			);
			path = Tweet;
			sourceTree = "<group>";
		};
		259DD37A1C004D4300C9B7CE /* User */ = {
			isa = PBXGroup;
			children = (
			);
			path = User;
			sourceTree = "<group>";
		};
		259DD37B1C004D4300C9B7CE /* Tweet */ = {
			isa = PBXGroup;
			children = (
			);
			path = Tweet;
			sourceTree = "<group>";
		};
		259DD37C1C004D4300C9B7CE /* User */ = {
			isa = PBXGroup;
			children = (
			);
			path = User;
			sourceTree = "<group>";
		};
		259DD37D1C004D4300C9B7CE /* Model */ = {
			isa = PBXGroup;
			children = (
				259DD37E1C004D4300C9B7CE /* API */,
				259DD37F1C004D4300C9B7CE /* DataBase */,
			);
			path = Model;
			sourceTree = "<group>";
		};
		259DD37E1C004D4300C9B7CE /* API */ = {
			isa = PBXGroup;
			children = (
				25590FA41C4103F10024CEC3 /* AuthAPIManager.swift */,
				25590FA21C4103D10024CEC3 /* SearchAPIManager.swift */,
				25590FA01C4103930024CEC3 /* TweetAPIManager.swift */,
				25590F9E1C4103650024CEC3 /* UserAPIManager.swift */,
				25590FCC1C424D7F0024CEC3 /* SettingAPIManager.swift */,
				25590F9C1C40F07B0024CEC3 /* APILocator.swift */,
				25D441DC1C2527F600C84D58 /* APIClient.swift */,
			);
			path = API;
			sourceTree = "<group>";
		};
		259DD37F1C004D4300C9B7CE /* DataBase */ = {
			isa = PBXGroup;
			children = (
				259EB8431C6F08DF002A3ED9 /* ProfileDetailData.swift */,
			);
			name = DataBase;
			path = UserData;
			sourceTree = "<group>";
		};
		259DD3801C004D4300C9B7CE /* View */ = {
			isa = PBXGroup;
			children = (
				2524D5971C5DD48000703B27 /* Compose */,
				259DD3811C004D4300C9B7CE /* Common */,
				259DD3821C004D4300C9B7CE /* Config */,
				257559521C12E30B0031B6CF /* Login */,
				259DD3831C004D4300C9B7CE /* Search */,
				259DD3841C004D4300C9B7CE /* SearchResult */,
				06B39C0C1C4126510031A0FC /* Table */,
				259DD38A1C004D4300C9B7CE /* Tweet */,
				259DD38B1C004D4300C9B7CE /* User */,
			);
			path = View;
			sourceTree = "<group>";
		};
		259DD3811C004D4300C9B7CE /* Common */ = {
			isa = PBXGroup;
			children = (
				0652FC651C1D4F69005006D3 /* TabBar.storyboard */,
			);
			path = Common;
			sourceTree = "<group>";
		};
		259DD3821C004D4300C9B7CE /* Config */ = {
			isa = PBXGroup;
			children = (
				25672D281C82BD04002F3A69 /* Profile */,
			);
			path = Config;
			sourceTree = "<group>";
		};
		259DD3831C004D4300C9B7CE /* Search */ = {
			isa = PBXGroup;
			children = (
				25FF51331C799E24009C1649 /* SearchView.swift */,
				25FF51371C799E95009C1649 /* SearchView.xib */,
				25FF513D1C799F2D009C1649 /* SearchHeaderTableViewCell.swift */,
				25FF513B1C799F24009C1649 /* SearchHeaderTableViewCell.xib */,
				25FF51351C799E3B009C1649 /* NothingSearchResultTableViewCell.swift */,
				25FF51391C799EA6009C1649 /* NothingSearchResultTableViewCell.xib */,
			);
			path = Search;
			sourceTree = "<group>";
		};
		259DD3841C004D4300C9B7CE /* SearchResult */ = {
			isa = PBXGroup;
			children = (
			);
			path = SearchResult;
			sourceTree = "<group>";
		};
		259DD3851C004D4300C9B7CE /* Detail */ = {
			isa = PBXGroup;
			children = (
			);
			path = Detail;
			sourceTree = "<group>";
		};
		259DD3881C004D4300C9B7CE /* Tweet */ = {
			isa = PBXGroup;
			children = (
			);
			path = Tweet;
			sourceTree = "<group>";
		};
		259DD3891C004D4300C9B7CE /* Timeline */ = {
			isa = PBXGroup;
			children = (
				0652FC721C1D587B005006D3 /* TweetTableViewCell.swift */,
				0652FC701C1D5856005006D3 /* TweetTableViewCell.xib */,
			);
			path = Timeline;
			sourceTree = "<group>";
		};
		259DD38A1C004D4300C9B7CE /* Tweet */ = {
			isa = PBXGroup;
			children = (
				2524D5871C54D36200703B27 /* TweetDetailView.swift */,
				2524D5891C54D36D00703B27 /* TweetDetailView.xib */,
				2524D58D1C54D66700703B27 /* MainTweetDetailTableViewCell.swift */,
				2524D58B1C54D65600703B27 /* MainTweetDetailTableViewCell.xib */,
				2524D58F1C55027900703B27 /* MainTweetView.swift */,
				2524D5911C55029100703B27 /* MainTweetView.xib */,
			);
			path = Tweet;
			sourceTree = "<group>";
		};
		259DD38B1C004D4300C9B7CE /* User */ = {
			isa = PBXGroup;
			children = (
				259EB8341C6EF189002A3ED9 /* UserDetailView.xib */,
				259EB8361C6EF195002A3ED9 /* UserDetailView.swift */,
				259EB83C1C6EF3F5002A3ED9 /* UserDetailInfoViewCell.xib */,
				259EB8381C6EF3CF002A3ED9 /* UserDetailInfoViewCell.swift */,
				259EB83E1C6EF408002A3ED9 /* UserDetailActionViewCell.xib */,
				259EB83A1C6EF3D7002A3ED9 /* UserDetailActionViewCell.swift */,
			);
			path = User;
			sourceTree = "<group>";
		};
		259DD3921C00530C00C9B7CE /* Framework */ = {
			isa = PBXGroup;
			children = (
				2575594B1C12C2D30031B6CF /* TwitterCore.framework */,
				257559491C12C2D30031B6CF /* TwitterKit.framework */,
				2575594A1C12C2D30031B6CF /* TwitterKitResources.bundle */,
			);
			path = Framework;
			sourceTree = "<group>";
		};
/* End PBXGroup section */

/* Begin PBXNativeTarget section */
		259DD3321C00429A00C9B7CE /* Tsuitta */ = {
			isa = PBXNativeTarget;
			buildConfigurationList = 259DD35B1C00429B00C9B7CE /* Build configuration list for PBXNativeTarget "Tsuitta" */;
			buildPhases = (
				259DD32F1C00429A00C9B7CE /* Sources */,
				259DD3301C00429A00C9B7CE /* Frameworks */,
				259DD3311C00429A00C9B7CE /* Resources */,
				257559461C12C2390031B6CF /* ShellScript */,
				06B39C151C4129200031A0FC /* Embed Frameworks */,
			);
			buildRules = (
			);
			dependencies = (
			);
			name = Tsuitta;
			productName = Tsuitta;
			productReference = 259DD3331C00429A00C9B7CE /* Tsuitta.app */;
			productType = "com.apple.product-type.application";
		};
		259DD3461C00429B00C9B7CE /* TsuittaTests */ = {
			isa = PBXNativeTarget;
			buildConfigurationList = 259DD35E1C00429B00C9B7CE /* Build configuration list for PBXNativeTarget "TsuittaTests" */;
			buildPhases = (
				259DD3431C00429B00C9B7CE /* Sources */,
				259DD3441C00429B00C9B7CE /* Frameworks */,
				259DD3451C00429B00C9B7CE /* Resources */,
			);
			buildRules = (
			);
			dependencies = (
				259DD3491C00429B00C9B7CE /* PBXTargetDependency */,
			);
			name = TsuittaTests;
			productName = TsuittaTests;
			productReference = 259DD3471C00429B00C9B7CE /* TsuittaTests.xctest */;
			productType = "com.apple.product-type.bundle.unit-test";
		};
		259DD3511C00429B00C9B7CE /* TsuittaUITests */ = {
			isa = PBXNativeTarget;
			buildConfigurationList = 259DD3611C00429B00C9B7CE /* Build configuration list for PBXNativeTarget "TsuittaUITests" */;
			buildPhases = (
				259DD34E1C00429B00C9B7CE /* Sources */,
				259DD34F1C00429B00C9B7CE /* Frameworks */,
				259DD3501C00429B00C9B7CE /* Resources */,
			);
			buildRules = (
			);
			dependencies = (
				259DD3541C00429B00C9B7CE /* PBXTargetDependency */,
			);
			name = TsuittaUITests;
			productName = TsuittaUITests;
			productReference = 259DD3521C00429B00C9B7CE /* TsuittaUITests.xctest */;
			productType = "com.apple.product-type.bundle.ui-testing";
		};
/* End PBXNativeTarget section */

/* Begin PBXProject section */
		259DD32B1C00429A00C9B7CE /* Project object */ = {
			isa = PBXProject;
			attributes = {
				LastSwiftUpdateCheck = 0710;
				LastUpgradeCheck = 0710;
				ORGANIZATIONNAME = "土門良輔";
				TargetAttributes = {
					259DD3321C00429A00C9B7CE = {
						CreatedOnToolsVersion = 7.1;
						DevelopmentTeam = 2E23UATA6S;
					};
					259DD3461C00429B00C9B7CE = {
						CreatedOnToolsVersion = 7.1;
						TestTargetID = 259DD3321C00429A00C9B7CE;
					};
					259DD3511C00429B00C9B7CE = {
						CreatedOnToolsVersion = 7.1;
						TestTargetID = 259DD3321C00429A00C9B7CE;
					};
				};
			};
			buildConfigurationList = 259DD32E1C00429A00C9B7CE /* Build configuration list for PBXProject "Tsuitta" */;
			compatibilityVersion = "Xcode 3.2";
			developmentRegion = English;
			hasScannedForEncodings = 0;
			knownRegions = (
				en,
				Base,
			);
			mainGroup = 259DD32A1C00429A00C9B7CE;
			productRefGroup = 259DD3341C00429A00C9B7CE /* Products */;
			projectDirPath = "";
			projectRoot = "";
			targets = (
				259DD3321C00429A00C9B7CE /* Tsuitta */,
				259DD3461C00429B00C9B7CE /* TsuittaTests */,
				259DD3511C00429B00C9B7CE /* TsuittaUITests */,
			);
		};
/* End PBXProject section */

/* Begin PBXResourcesBuildPhase section */
		259DD3311C00429A00C9B7CE /* Resources */ = {
			isa = PBXResourcesBuildPhase;
			buildActionMask = 2147483647;
			files = (
				25672D2C1C82BD04002F3A69 /* ProfileConfigView.xib in Resources */,
				06BCEB371C8AC66B00B306DC /* TweetTableViewCell.xib in Resources */,
				2575594E1C12C2D30031B6CF /* TwitterKitResources.bundle in Resources */,
				2524D59B1C5DD4B500703B27 /* TweetComposeView.xib in Resources */,
				25672D341C82D353002F3A69 /* ProfileTextConfigTableViewCell.xib in Resources */,
				259EB83D1C6EF3F5002A3ED9 /* UserDetailInfoViewCell.xib in Resources */,
				25FF51381C799E95009C1649 /* SearchView.xib in Resources */,
				25672D2E1C82BE29002F3A69 /* ProfileImageConfigTableViewCell.xib in Resources */,
				259EB83F1C6EF408002A3ED9 /* UserDetailActionViewCell.xib in Resources */,
				0652FC661C1D4F69005006D3 /* TabBar.storyboard in Resources */,
				259DD3411C00429B00C9B7CE /* LaunchScreen.storyboard in Resources */,
				25FF513C1C799F24009C1649 /* SearchHeaderTableViewCell.xib in Resources */,
				25590FCF1C4258FC0024CEC3 /* sample.jpg in Resources */,
				259DD33E1C00429B00C9B7CE /* Assets.xcassets in Resources */,
				259DD33C1C00429B00C9B7CE /* Main.storyboard in Resources */,
				25FF513A1C799EA6009C1649 /* NothingSearchResultTableViewCell.xib in Resources */,
				253D5E871C148E6600D59DC0 /* icon.jpg in Resources */,
				257559561C12E3250031B6CF /* LoginView.xib in Resources */,
				259EB8351C6EF189002A3ED9 /* UserDetailView.xib in Resources */,
				2524D58A1C54D36D00703B27 /* TweetDetailView.xib in Resources */,
				2524D58C1C54D65600703B27 /* MainTweetDetailTableViewCell.xib in Resources */,
				25672D361C82DEF8002F3A69 /* ProfileDescriptionConfigTableViewCell.xib in Resources */,
				2524D5921C55029100703B27 /* MainTweetView.xib in Resources */,
			);
			runOnlyForDeploymentPostprocessing = 0;
		};
		259DD3451C00429B00C9B7CE /* Resources */ = {
			isa = PBXResourcesBuildPhase;
			buildActionMask = 2147483647;
			files = (
			);
			runOnlyForDeploymentPostprocessing = 0;
		};
		259DD3501C00429B00C9B7CE /* Resources */ = {
			isa = PBXResourcesBuildPhase;
			buildActionMask = 2147483647;
			files = (
			);
			runOnlyForDeploymentPostprocessing = 0;
		};
/* End PBXResourcesBuildPhase section */

/* Begin PBXShellScriptBuildPhase section */
		257559461C12C2390031B6CF /* ShellScript */ = {
			isa = PBXShellScriptBuildPhase;
			buildActionMask = 2147483647;
			files = (
			);
			inputPaths = (
			);
			outputPaths = (
			);
			runOnlyForDeploymentPostprocessing = 0;
			shellPath = /bin/sh;
			shellScript = "./Fabric.framework/run 4df3a030d3e0d055e0cd174f7dfb59388e655d83 22e6197f5ca20038b4859daba5dd380586d35852729f5ec15c606197e4172dc3";
		};
/* End PBXShellScriptBuildPhase section */

/* Begin PBXSourcesBuildPhase section */
		259DD32F1C00429A00C9B7CE /* Sources */ = {
			isa = PBXSourcesBuildPhase;
			buildActionMask = 2147483647;
			files = (
				0651CBB81C82F05200964912 /* TweetTableViewCell.swift in Sources */,
				2524D5991C5DD48B00703B27 /* TweetComposeView.swift in Sources */,
				0652FC6D1C1D5692005006D3 /* HomeViewController.swift in Sources */,
				0652FC7A1C1D7C65005006D3 /* UIColor+hex.swift in Sources */,
				25672D301C82BE36002F3A69 /* ProfileImageConfigTableViewCell.swift in Sources */,
				2524D5961C5DD3E500703B27 /* TweetComposeViewController.swift in Sources */,
				259EB8311C674296002A3ED9 /* UserDetailViewController.swift in Sources */,
				25672D231C82B2A6002F3A69 /* ProfileConfigViewController.swift in Sources */,
				25590FA31C4103D10024CEC3 /* SearchAPIManager.swift in Sources */,
				25672D321C82D304002F3A69 /* ProfileTextConfigTableViewCell.swift in Sources */,
				259DD3911C004E1100C9B7CE /* LoginViewController.swift in Sources */,
				25FF51321C799D7C009C1649 /* SearchViewController.swift in Sources */,
				25D441DF1C26AFA400C84D58 /* debug.swift in Sources */,
				259EB8441C6F08DF002A3ED9 /* ProfileDetailData.swift in Sources */,
				259DD3371C00429B00C9B7CE /* AppDelegate.swift in Sources */,
				25590F991C391D660024CEC3 /* TimeLineViewController.swift in Sources */,
				25590F9D1C40F07B0024CEC3 /* APILocator.swift in Sources */,
				257559541C12E3160031B6CF /* LoginView.swift in Sources */,
				25672D381C82DF05002F3A69 /* ProfileDescriptionConfigTableViewCell.swift in Sources */,
				259EB8391C6EF3CF002A3ED9 /* UserDetailInfoViewCell.swift in Sources */,
				25FF51361C799E3B009C1649 /* NothingSearchResultTableViewCell.swift in Sources */,
				2524D59D1C5DDCE700703B27 /* UIView+BorderForIB.swift in Sources */,
				259EB8371C6EF195002A3ED9 /* UserDetailView.swift in Sources */,
				25D441DD1C2527F600C84D58 /* APIClient.swift in Sources */,
				0652FC781C1D77F2005006D3 /* ConstantColor.swift in Sources */,
				2524D5861C54D2E600703B27 /* TweetDetailViewController.swift in Sources */,
				25590F9F1C4103650024CEC3 /* UserAPIManager.swift in Sources */,
				2524D58E1C54D66700703B27 /* MainTweetDetailTableViewCell.swift in Sources */,
				2524D5901C55027900703B27 /* MainTweetView.swift in Sources */,
				25590FA51C4103F10024CEC3 /* AuthAPIManager.swift in Sources */,
				25590FA11C4103930024CEC3 /* TweetAPIManager.swift in Sources */,
				25672D2B1C82BD04002F3A69 /* ProfileConfigView.swift in Sources */,
				25590FCD1C424D7F0024CEC3 /* SettingAPIManager.swift in Sources */,
				25FF513E1C799F2D009C1649 /* SearchHeaderTableViewCell.swift in Sources */,
				2524D5881C54D36200703B27 /* TweetDetailView.swift in Sources */,
				25FF51341C799E24009C1649 /* SearchView.swift in Sources */,
				259EB83B1C6EF3D7002A3ED9 /* UserDetailActionViewCell.swift in Sources */,
				257559511C12C39D0031B6CF /* PagingController.swift in Sources */,
				2524D5941C550D0700703B27 /* UIView+Constraint.swift in Sources */,
			);
			runOnlyForDeploymentPostprocessing = 0;
		};
		259DD3431C00429B00C9B7CE /* Sources */ = {
			isa = PBXSourcesBuildPhase;
			buildActionMask = 2147483647;
			files = (
				259DD34C1C00429B00C9B7CE /* TsuittaTests.swift in Sources */,
			);
			runOnlyForDeploymentPostprocessing = 0;
		};
		259DD34E1C00429B00C9B7CE /* Sources */ = {
			isa = PBXSourcesBuildPhase;
			buildActionMask = 2147483647;
			files = (
				259DD3571C00429B00C9B7CE /* TsuittaUITests.swift in Sources */,
			);
			runOnlyForDeploymentPostprocessing = 0;
		};
/* End PBXSourcesBuildPhase section */

/* Begin PBXTargetDependency section */
		259DD3491C00429B00C9B7CE /* PBXTargetDependency */ = {
			isa = PBXTargetDependency;
			target = 259DD3321C00429A00C9B7CE /* Tsuitta */;
			targetProxy = 259DD3481C00429B00C9B7CE /* PBXContainerItemProxy */;
		};
		259DD3541C00429B00C9B7CE /* PBXTargetDependency */ = {
			isa = PBXTargetDependency;
			target = 259DD3321C00429A00C9B7CE /* Tsuitta */;
			targetProxy = 259DD3531C00429B00C9B7CE /* PBXContainerItemProxy */;
		};
/* End PBXTargetDependency section */

/* Begin PBXVariantGroup section */
		259DD33A1C00429B00C9B7CE /* Main.storyboard */ = {
			isa = PBXVariantGroup;
			children = (
				259DD33B1C00429B00C9B7CE /* Base */,
			);
			name = Main.storyboard;
			path = .;
			sourceTree = "<group>";
		};
		259DD33F1C00429B00C9B7CE /* LaunchScreen.storyboard */ = {
			isa = PBXVariantGroup;
			children = (
				259DD3401C00429B00C9B7CE /* Base */,
			);
			name = LaunchScreen.storyboard;
			path = .;
			sourceTree = "<group>";
		};
/* End PBXVariantGroup section */

/* Begin XCBuildConfiguration section */
		259DD3591C00429B00C9B7CE /* Debug */ = {
			isa = XCBuildConfiguration;
			buildSettings = {
				ALWAYS_SEARCH_USER_PATHS = NO;
				CLANG_CXX_LANGUAGE_STANDARD = "gnu++0x";
				CLANG_CXX_LIBRARY = "libc++";
				CLANG_ENABLE_MODULES = YES;
				CLANG_ENABLE_OBJC_ARC = YES;
				CLANG_WARN_BOOL_CONVERSION = YES;
				CLANG_WARN_CONSTANT_CONVERSION = YES;
				CLANG_WARN_DIRECT_OBJC_ISA_USAGE = YES_ERROR;
				CLANG_WARN_EMPTY_BODY = YES;
				CLANG_WARN_ENUM_CONVERSION = YES;
				CLANG_WARN_INT_CONVERSION = YES;
				CLANG_WARN_OBJC_ROOT_CLASS = YES_ERROR;
				CLANG_WARN_UNREACHABLE_CODE = YES;
				CLANG_WARN__DUPLICATE_METHOD_MATCH = YES;
				CODE_SIGN_IDENTITY = "";
				"CODE_SIGN_IDENTITY[sdk=iphoneos*]" = "iPhone Developer";
				COPY_PHASE_STRIP = NO;
				DEBUG_INFORMATION_FORMAT = dwarf;
				ENABLE_STRICT_OBJC_MSGSEND = YES;
				ENABLE_TESTABILITY = YES;
				GCC_C_LANGUAGE_STANDARD = gnu99;
				GCC_DYNAMIC_NO_PIC = NO;
				GCC_NO_COMMON_BLOCKS = YES;
				GCC_OPTIMIZATION_LEVEL = 0;
				GCC_PREPROCESSOR_DEFINITIONS = (
					"DEBUG=1",
					"$(inherited)",
				);
				GCC_WARN_64_TO_32_BIT_CONVERSION = YES;
				GCC_WARN_ABOUT_RETURN_TYPE = YES_ERROR;
				GCC_WARN_UNDECLARED_SELECTOR = YES;
				GCC_WARN_UNINITIALIZED_AUTOS = YES_AGGRESSIVE;
				GCC_WARN_UNUSED_FUNCTION = YES;
				GCC_WARN_UNUSED_VARIABLE = YES;
				IPHONEOS_DEPLOYMENT_TARGET = 9.1;
				MTL_ENABLE_DEBUG_INFO = YES;
				ONLY_ACTIVE_ARCH = YES;
				OTHER_SWIFT_FLAGS = "-DDEBUG";
				SDKROOT = iphoneos;
				SWIFT_OPTIMIZATION_LEVEL = "-Onone";
			};
			name = Debug;
		};
		259DD35A1C00429B00C9B7CE /* Release */ = {
			isa = XCBuildConfiguration;
			buildSettings = {
				ALWAYS_SEARCH_USER_PATHS = NO;
				CLANG_CXX_LANGUAGE_STANDARD = "gnu++0x";
				CLANG_CXX_LIBRARY = "libc++";
				CLANG_ENABLE_MODULES = YES;
				CLANG_ENABLE_OBJC_ARC = YES;
				CLANG_WARN_BOOL_CONVERSION = YES;
				CLANG_WARN_CONSTANT_CONVERSION = YES;
				CLANG_WARN_DIRECT_OBJC_ISA_USAGE = YES_ERROR;
				CLANG_WARN_EMPTY_BODY = YES;
				CLANG_WARN_ENUM_CONVERSION = YES;
				CLANG_WARN_INT_CONVERSION = YES;
				CLANG_WARN_OBJC_ROOT_CLASS = YES_ERROR;
				CLANG_WARN_UNREACHABLE_CODE = YES;
				CLANG_WARN__DUPLICATE_METHOD_MATCH = YES;
				CODE_SIGN_IDENTITY = "";
				"CODE_SIGN_IDENTITY[sdk=iphoneos*]" = "iPhone Developer";
				COPY_PHASE_STRIP = NO;
				DEBUG_INFORMATION_FORMAT = "dwarf-with-dsym";
				ENABLE_NS_ASSERTIONS = NO;
				ENABLE_STRICT_OBJC_MSGSEND = YES;
				GCC_C_LANGUAGE_STANDARD = gnu99;
				GCC_NO_COMMON_BLOCKS = YES;
				GCC_WARN_64_TO_32_BIT_CONVERSION = YES;
				GCC_WARN_ABOUT_RETURN_TYPE = YES_ERROR;
				GCC_WARN_UNDECLARED_SELECTOR = YES;
				GCC_WARN_UNINITIALIZED_AUTOS = YES_AGGRESSIVE;
				GCC_WARN_UNUSED_FUNCTION = YES;
				GCC_WARN_UNUSED_VARIABLE = YES;
				IPHONEOS_DEPLOYMENT_TARGET = 9.1;
				MTL_ENABLE_DEBUG_INFO = NO;
				SDKROOT = iphoneos;
				VALIDATE_PRODUCT = YES;
			};
			name = Release;
		};
		259DD35C1C00429B00C9B7CE /* Debug */ = {
			isa = XCBuildConfiguration;
			buildSettings = {
				ASSETCATALOG_COMPILER_APPICON_NAME = AppIcon;
				CODE_SIGN_IDENTITY = "iPhone Developer";
				"CODE_SIGN_IDENTITY[sdk=iphoneos*]" = "iPhone Developer";
				FRAMEWORK_SEARCH_PATHS = (
					"$(inherited)",
					"$(PROJECT_DIR)/Carthage/Build/iOS",
					"$(PROJECT_DIR)",
					"$(PROJECT_DIR)/Framework",
				);
				INFOPLIST_FILE = Tsuitta/Info.plist;
				IPHONEOS_DEPLOYMENT_TARGET = 9.0;
				LD_RUNPATH_SEARCH_PATHS = "$(inherited) @executable_path/Frameworks";
				PRODUCT_BUNDLE_IDENTIFIER = com.test.Tsuitta;
				PRODUCT_NAME = "$(TARGET_NAME)";
				PROVISIONING_PROFILE = "";
			};
			name = Debug;
		};
		259DD35D1C00429B00C9B7CE /* Release */ = {
			isa = XCBuildConfiguration;
			buildSettings = {
				ASSETCATALOG_COMPILER_APPICON_NAME = AppIcon;
				CODE_SIGN_IDENTITY = "iPhone Developer";
				"CODE_SIGN_IDENTITY[sdk=iphoneos*]" = "iPhone Developer";
				FRAMEWORK_SEARCH_PATHS = (
					"$(inherited)",
					"$(PROJECT_DIR)/Carthage/Build/iOS",
					"$(PROJECT_DIR)",
					"$(PROJECT_DIR)/Framework",
				);
				INFOPLIST_FILE = Tsuitta/Info.plist;
				IPHONEOS_DEPLOYMENT_TARGET = 9.0;
				LD_RUNPATH_SEARCH_PATHS = "$(inherited) @executable_path/Frameworks";
				PRODUCT_BUNDLE_IDENTIFIER = com.test.Tsuitta;
				PRODUCT_NAME = "$(TARGET_NAME)";
				PROVISIONING_PROFILE = "";
			};
			name = Release;
		};
		259DD35F1C00429B00C9B7CE /* Debug */ = {
			isa = XCBuildConfiguration;
			buildSettings = {
				BUNDLE_LOADER = "$(TEST_HOST)";
				INFOPLIST_FILE = TsuittaTests/Info.plist;
				LD_RUNPATH_SEARCH_PATHS = "$(inherited) @executable_path/Frameworks @loader_path/Frameworks";
				PRODUCT_BUNDLE_IDENTIFIER = com.test.TsuittaTests;
				PRODUCT_NAME = "$(TARGET_NAME)";
				TEST_HOST = "$(BUILT_PRODUCTS_DIR)/Tsuitta.app/Tsuitta";
			};
			name = Debug;
		};
		259DD3601C00429B00C9B7CE /* Release */ = {
			isa = XCBuildConfiguration;
			buildSettings = {
				BUNDLE_LOADER = "$(TEST_HOST)";
				INFOPLIST_FILE = TsuittaTests/Info.plist;
				LD_RUNPATH_SEARCH_PATHS = "$(inherited) @executable_path/Frameworks @loader_path/Frameworks";
				PRODUCT_BUNDLE_IDENTIFIER = com.test.TsuittaTests;
				PRODUCT_NAME = "$(TARGET_NAME)";
				TEST_HOST = "$(BUILT_PRODUCTS_DIR)/Tsuitta.app/Tsuitta";
			};
			name = Release;
		};
		259DD3621C00429B00C9B7CE /* Debug */ = {
			isa = XCBuildConfiguration;
			buildSettings = {
				INFOPLIST_FILE = TsuittaUITests/Info.plist;
				LD_RUNPATH_SEARCH_PATHS = "$(inherited) @executable_path/Frameworks @loader_path/Frameworks";
				PRODUCT_BUNDLE_IDENTIFIER = com.test.TsuittaUITests;
				PRODUCT_NAME = "$(TARGET_NAME)";
				TEST_TARGET_NAME = Tsuitta;
				USES_XCTRUNNER = YES;
			};
			name = Debug;
		};
		259DD3631C00429B00C9B7CE /* Release */ = {
			isa = XCBuildConfiguration;
			buildSettings = {
				INFOPLIST_FILE = TsuittaUITests/Info.plist;
				LD_RUNPATH_SEARCH_PATHS = "$(inherited) @executable_path/Frameworks @loader_path/Frameworks";
				PRODUCT_BUNDLE_IDENTIFIER = com.test.TsuittaUITests;
				PRODUCT_NAME = "$(TARGET_NAME)";
				TEST_TARGET_NAME = Tsuitta;
				USES_XCTRUNNER = YES;
			};
			name = Release;
		};
/* End XCBuildConfiguration section */

/* Begin XCConfigurationList section */
		259DD32E1C00429A00C9B7CE /* Build configuration list for PBXProject "Tsuitta" */ = {
			isa = XCConfigurationList;
			buildConfigurations = (
				259DD3591C00429B00C9B7CE /* Debug */,
				259DD35A1C00429B00C9B7CE /* Release */,
			);
			defaultConfigurationIsVisible = 0;
			defaultConfigurationName = Release;
		};
		259DD35B1C00429B00C9B7CE /* Build configuration list for PBXNativeTarget "Tsuitta" */ = {
			isa = XCConfigurationList;
			buildConfigurations = (
				259DD35C1C00429B00C9B7CE /* Debug */,
				259DD35D1C00429B00C9B7CE /* Release */,
			);
			defaultConfigurationIsVisible = 0;
			defaultConfigurationName = Release;
		};
		259DD35E1C00429B00C9B7CE /* Build configuration list for PBXNativeTarget "TsuittaTests" */ = {
			isa = XCConfigurationList;
			buildConfigurations = (
				259DD35F1C00429B00C9B7CE /* Debug */,
				259DD3601C00429B00C9B7CE /* Release */,
			);
			defaultConfigurationIsVisible = 0;
			defaultConfigurationName = Release;
		};
		259DD3611C00429B00C9B7CE /* Build configuration list for PBXNativeTarget "TsuittaUITests" */ = {
			isa = XCConfigurationList;
			buildConfigurations = (
				259DD3621C00429B00C9B7CE /* Debug */,
				259DD3631C00429B00C9B7CE /* Release */,
			);
			defaultConfigurationIsVisible = 0;
			defaultConfigurationName = Release;
		};
/* End XCConfigurationList section */
	};
	rootObject = 259DD32B1C00429A00C9B7CE /* Project object */;
}
